{
  "version": 4,
  "terraform_version": "1.9.6",
  "serial": 134,
  "lineage": "e6b9af83-38db-2e4c-64be-3b7783189811",
  "outputs": {
    "backend_url": {
      "value": "backend.wonderfulmoss-b6913c1b.eastus.azurecontainerapps.io",
      "type": "string"
    }
  },
  "resources": [
    {
      "mode": "data",
      "type": "terraform_remote_state",
      "name": "backend-db",
      "provider": "provider[\"terraform.io/builtin/terraform\"]",
      "instances": [
        {
          "schema_version": 0,
          "attributes": {
            "backend": "azurerm",
            "config": {
              "value": {
                "container_name": "backend-db",
                "key": "statefile.tfstate",
                "resource_group_name": "CloudEx-Seneca-RG",
                "storage_account_name": "cloudexsenecastorage"
              },
              "type": [
                "object",
                {
                  "container_name": "string",
                  "key": "string",
                  "resource_group_name": "string",
                  "storage_account_name": "string"
                }
              ]
            },
            "defaults": null,
            "outputs": {
              "value": {
                "backend_db_url": "backend-db.internal.wonderfulmoss-b6913c1b.eastus.azurecontainerapps.io",
                "container_app_env_id": "/subscriptions/922ef694-a56b-40f9-b615-36e3aedb343f/resourceGroups/CloudEx-Seneca-RG/providers/Microsoft.App/managedEnvironments/frontend-backend-db-env",
                "logs": "logs"
              },
              "type": [
                "object",
                {
                  "backend_db_url": "string",
                  "container_app_env_id": "string",
                  "logs": "string"
                }
              ]
            },
            "workspace": null
          },
          "sensitive_attributes": []
        }
      ]
    },
    {
      "mode": "managed",
      "type": "azurerm_container_app",
      "name": "backend",
      "provider": "provider[\"registry.terraform.io/hashicorp/azurerm\"]",
      "instances": [
        {
          "schema_version": 0,
          "attributes": {
            "container_app_environment_id": "/subscriptions/922ef694-a56b-40f9-b615-36e3aedb343f/resourceGroups/CloudEx-Seneca-RG/providers/Microsoft.App/managedEnvironments/frontend-backend-db-env",
            "custom_domain_verification_id": "2E142C26DC2196E64ADCE3E0E7CCF71D348FEDA2CB09835602AB24005490D8F7",
            "dapr": [],
            "id": "/subscriptions/922ef694-a56b-40f9-b615-36e3aedb343f/resourceGroups/CloudEx-Seneca-RG/providers/Microsoft.App/containerApps/backend",
            "identity": [],
            "ingress": [
              {
                "allow_insecure_connections": true,
                "client_certificate_mode": "",
                "custom_domain": [],
                "exposed_port": 0,
                "external_enabled": true,
                "fqdn": "backend.wonderfulmoss-b6913c1b.eastus.azurecontainerapps.io",
                "ip_security_restriction": [],
                "target_port": 8888,
                "traffic_weight": [
                  {
                    "label": "",
                    "latest_revision": true,
                    "percentage": 100,
                    "revision_suffix": ""
                  }
                ],
                "transport": "auto"
              }
            ],
            "latest_revision_fqdn": "backend--rwgka9q.wonderfulmoss-b6913c1b.eastus.azurecontainerapps.io",
            "latest_revision_name": "backend--rwgka9q",
            "location": "eastus",
            "max_inactive_revisions": 0,
            "name": "backend",
            "outbound_ip_addresses": [
              "172.214.125.70"
            ],
            "registry": [],
            "resource_group_name": "CloudEx-Seneca-RG",
            "revision_mode": "Single",
            "secret": [],
            "tags": null,
            "template": [
              {
                "azure_queue_scale_rule": [],
                "container": [
                  {
                    "args": null,
                    "command": null,
                    "cpu": 0.5,
                    "env": [
                      {
                        "name": "DOCKER_REGISTRY_SERVER",
                        "secret_name": "",
                        "value": "index.docker.io"
                      },
                      {
                        "name": "DOCKER_REGISTRY_USERNAME",
                        "secret_name": "",
                        "value": "$env:TF_VAR_docker_registry_username"
                      },
                      {
                        "name": "DOCKER_REGISTRY_PASSWORD",
                        "secret_name": "",
                        "value": "$env:TF_VAR_docker_registry_password"
                      },
                      {
                        "name": "MYSQL_ROOT_PASSWORD",
                        "secret_name": "",
                        "value": "$env:TF_VAR_mysql_root_password"
                      },
                      {
                        "name": "DB_HOST",
                        "secret_name": "",
                        "value": "backend-db.internal.wonderfulmoss-b6913c1b.eastus.azurecontainerapps.io"
                      }
                    ],
                    "ephemeral_storage": "2Gi",
                    "image": "henry071190/backend:onprem",
                    "liveness_probe": [],
                    "memory": "1Gi",
                    "name": "backend",
                    "readiness_probe": [],
                    "startup_probe": [],
                    "volume_mounts": []
                  }
                ],
                "custom_scale_rule": [],
                "http_scale_rule": [],
                "init_container": [],
                "max_replicas": 10,
                "min_replicas": 0,
                "revision_suffix": "",
                "tcp_scale_rule": [],
                "termination_grace_period_seconds": 0,
                "volume": []
              }
            ],
            "timeouts": null,
            "workload_profile_name": ""
          },
          "sensitive_attributes": [
            [
              {
                "type": "get_attr",
                "value": "template"
              },
              {
                "type": "index",
                "value": {
                  "value": 0,
                  "type": "number"
                }
              },
              {
                "type": "get_attr",
                "value": "container"
              },
              {
                "type": "index",
                "value": {
                  "value": 0,
                  "type": "number"
                }
              },
              {
                "type": "get_attr",
                "value": "env"
              },
              {
                "type": "index",
                "value": {
                  "value": 3,
                  "type": "number"
                }
              },
              {
                "type": "get_attr",
                "value": "value"
              }
            ],
            [
              {
                "type": "get_attr",
                "value": "custom_domain_verification_id"
              }
            ]
          ],
          "private": "eyJlMmJmYjczMC1lY2FhLTExZTYtOGY4OC0zNDM2M2JjN2M0YzAiOnsiY3JlYXRlIjoxODAwMDAwMDAwMDAwLCJkZWxldGUiOjE4MDAwMDAwMDAwMDAsInJlYWQiOjMwMDAwMDAwMDAwMCwidXBkYXRlIjoxODAwMDAwMDAwMDAwfX0=",
          "dependencies": [
            "data.terraform_remote_state.backend-db"
          ]
        }
      ]
    }
  ],
  "check_results": [
    {
      "object_kind": "var",
      "config_addr": "var.restart_policy",
      "status": "unknown",
      "objects": [
        {
          "object_addr": "var.restart_policy",
          "status": "unknown"
        }
      ]
    }
  ]
}
